// !$*UTF8*$!
{
	archiveVersion = 1;
	classes = {
	};
	objectVersion = 54;
	objects = {

/* Begin PBXBuildFile section */
		00E356F31AD99517003FC87E /* FilmStreakTests.m in Sources */ = {isa = PBXBuildFile; fileRef = 00E356F21AD99517003FC87E /* FilmStreakTests.m */; };
		05B3B4FFD5C6427DABD0499E /* RalewayMedium.ttf in Resources */ = {isa = PBXBuildFile; fileRef = CB4B6D9AC21E4674B54225DE /* RalewayMedium.ttf */; };
		127166D71E4C4B5BAC4DF3CA /* GupterRegular.ttf in Resources */ = {isa = PBXBuildFile; fileRef = 78343D49EC394B62ACE19D08 /* GupterRegular.ttf */; };
		13B07FBC1A68108700A75B9A /* AppDelegate.mm in Sources */ = {isa = PBXBuildFile; fileRef = 13B07FB01A68108700A75B9A /* AppDelegate.mm */; };
		13B07FBF1A68108700A75B9A /* Images.xcassets in Resources */ = {isa = PBXBuildFile; fileRef = 13B07FB51A68108700A75B9A /* Images.xcassets */; };
		13B07FC11A68108700A75B9A /* main.m in Sources */ = {isa = PBXBuildFile; fileRef = 13B07FB71A68108700A75B9A /* main.m */; };
		1508CDCC68D741EAA56D7470 /* RalewaySemiBoldItalic.ttf in Resources */ = {isa = PBXBuildFile; fileRef = 2ABA370C0CC14E6E9277249A /* RalewaySemiBoldItalic.ttf */; };
		2BD8EE78899C47CDA15AEDCB /* CaveatBold.ttf in Resources */ = {isa = PBXBuildFile; fileRef = 13C339903AE8465EACBD11CA /* CaveatBold.ttf */; };
		34D899A4DC7F4CF7A5F50E2F /* CaveatSemiBold.ttf in Resources */ = {isa = PBXBuildFile; fileRef = 5B9484E43C2944CDBA8A8517 /* CaveatSemiBold.ttf */; };
		4A4A559DC515441D9055B6BB /* RalewayBlack.ttf in Resources */ = {isa = PBXBuildFile; fileRef = 8F4ADFEC144D4E15BDC6FAEB /* RalewayBlack.ttf */; };
		4B9930DE7DD045D19E4B4C95 /* RalewayBoldItalic.ttf in Resources */ = {isa = PBXBuildFile; fileRef = EECFF83A38B245EF856A80AC /* RalewayBoldItalic.ttf */; };
		518AC732C1AB4045B8C89F63 /* RalewayBold.ttf in Resources */ = {isa = PBXBuildFile; fileRef = 1131B591769844F2A563CEFB /* RalewayBold.ttf */; };
		541506D649A249CCAA739170 /* RalewayLight.ttf in Resources */ = {isa = PBXBuildFile; fileRef = 5C947B3491EA4D66838A8D55 /* RalewayLight.ttf */; };
		553FD892BD50C153CB81262A /* libPods-FilmStreak-FilmStreakTests.a in Frameworks */ = {isa = PBXBuildFile; fileRef = 2148E39A152C9CDC2C3BD0A6 /* libPods-FilmStreak-FilmStreakTests.a */; };
		5D64BB30A9214461B59FB0A6 /* PermanentMarkerRegular.ttf in Resources */ = {isa = PBXBuildFile; fileRef = DABECA4BEA884B2BAD5025A3 /* PermanentMarkerRegular.ttf */; };
		69617FEA57CA4CE2BF8D54E5 /* RalewayExtraLight.ttf in Resources */ = {isa = PBXBuildFile; fileRef = 2C78D42F086149899EED1CF7 /* RalewayExtraLight.ttf */; };
		81AB9BB82411601600AC10FF /* LaunchScreen.storyboard in Resources */ = {isa = PBXBuildFile; fileRef = 81AB9BB72411601600AC10FF /* LaunchScreen.storyboard */; };
		84CD76A8813C4C489AD0C8E3 /* RalewayExtraBold.ttf in Resources */ = {isa = PBXBuildFile; fileRef = DBE920EA5A2346F28806E07A /* RalewayExtraBold.ttf */; };
		90F43DFF1C95497D8D035A2B /* RalewaySemiBold.ttf in Resources */ = {isa = PBXBuildFile; fileRef = B1ABC5A7E2A240D4A0FF4762 /* RalewaySemiBold.ttf */; };
		98C7E5C17D2949DAB7EE35E3 /* RalewayMediumItalic.ttf in Resources */ = {isa = PBXBuildFile; fileRef = 863547D683D54014985A259A /* RalewayMediumItalic.ttf */; };
		9E009E95E925443EB9C073D2 /* GupterBold.ttf in Resources */ = {isa = PBXBuildFile; fileRef = DA308B7CD53B4D1693165C2A /* GupterBold.ttf */; };
		A34CCC9949F64D46A300ACB4 /* CaveatMedium.ttf in Resources */ = {isa = PBXBuildFile; fileRef = 86BA846094114887A9D9C619 /* CaveatMedium.ttf */; };
		A64B26B5953845798F949529 /* RalewayItalic.ttf in Resources */ = {isa = PBXBuildFile; fileRef = E4C1B3EAECA84BF98F9E3A56 /* RalewayItalic.ttf */; };
		BFE1E08BF6B44DF5AA32ACA4 /* RalewayRegular.ttf in Resources */ = {isa = PBXBuildFile; fileRef = 3CA6D331A95942C6B0EC969E /* RalewayRegular.ttf */; };
		C8DF6BD3C345432281E1C6FA /* CreepsterRegular.ttf in Resources */ = {isa = PBXBuildFile; fileRef = 583FAEC90D024B389018057A /* CreepsterRegular.ttf */; };
		CC4276EE03A6477C9EF62B8D /* GupterMedium.ttf in Resources */ = {isa = PBXBuildFile; fileRef = 63770FA1455E4DFE85A4BE80 /* GupterMedium.ttf */; };
		D7898F4740549EE5E4828986 /* libPods-FilmStreak.a in Frameworks */ = {isa = PBXBuildFile; fileRef = 93D755BBF6C34D60A3A33291 /* libPods-FilmStreak.a */; };
		E93461DB91AE4F9B805DE72D /* RalewayLightItalic.ttf in Resources */ = {isa = PBXBuildFile; fileRef = 6F313DA71B0F43B3834FB2CA /* RalewayLightItalic.ttf */; };
		EE4E303F82E64210A057577B /* CaveatRegular.ttf in Resources */ = {isa = PBXBuildFile; fileRef = A0D0325099EB442F9FA7CA9E /* CaveatRegular.ttf */; };
		EE99C408005F4261B41957E3 /* RalewayExtraLightItalic.ttf in Resources */ = {isa = PBXBuildFile; fileRef = 8D043E5CEFD348E2A871E539 /* RalewayExtraLightItalic.ttf */; };
		F54917622D23B9B800BAD97D /* main.jsbundle in Resources */ = {isa = PBXBuildFile; fileRef = F54917612D23B9B700BAD97D /* main.jsbundle */; };
/* End PBXBuildFile section */

/* Begin PBXContainerItemProxy section */
		00E356F41AD99517003FC87E /* PBXContainerItemProxy */ = {
			isa = PBXContainerItemProxy;
			containerPortal = 83CBB9F71A601CBA00E9B192 /* Project object */;
			proxyType = 1;
			remoteGlobalIDString = 13B07F861A680F5B00A75B9A;
			remoteInfo = FilmStreak;
		};
/* End PBXContainerItemProxy section */

/* Begin PBXFileReference section */
		00E356EE1AD99517003FC87E /* FilmStreakTests.xctest */ = {isa = PBXFileReference; explicitFileType = wrapper.cfbundle; includeInIndex = 0; path = FilmStreakTests.xctest; sourceTree = BUILT_PRODUCTS_DIR; };
		00E356F11AD99517003FC87E /* Info.plist */ = {isa = PBXFileReference; lastKnownFileType = text.plist.xml; path = Info.plist; sourceTree = "<group>"; };
		00E356F21AD99517003FC87E /* FilmStreakTests.m */ = {isa = PBXFileReference; lastKnownFileType = sourcecode.c.objc; path = FilmStreakTests.m; sourceTree = "<group>"; };
		045152AD209FC589AC09CFA3 /* Pods-FilmStreak-FilmStreakTests.release.xcconfig */ = {isa = PBXFileReference; includeInIndex = 1; lastKnownFileType = text.xcconfig; name = "Pods-FilmStreak-FilmStreakTests.release.xcconfig"; path = "Target Support Files/Pods-FilmStreak-FilmStreakTests/Pods-FilmStreak-FilmStreakTests.release.xcconfig"; sourceTree = "<group>"; };
		1131B591769844F2A563CEFB /* RalewayBold.ttf */ = {isa = PBXFileReference; explicitFileType = undefined; fileEncoding = 9; includeInIndex = 0; lastKnownFileType = unknown; name = RalewayBold.ttf; path = ../src/assets/fonts/RalewayBold.ttf; sourceTree = "<group>"; };
		13B07F961A680F5B00A75B9A /* FilmStreak.app */ = {isa = PBXFileReference; explicitFileType = wrapper.application; includeInIndex = 0; path = FilmStreak.app; sourceTree = BUILT_PRODUCTS_DIR; };
		13B07FAF1A68108700A75B9A /* AppDelegate.h */ = {isa = PBXFileReference; fileEncoding = 4; lastKnownFileType = sourcecode.c.h; name = AppDelegate.h; path = FilmStreak/AppDelegate.h; sourceTree = "<group>"; };
		13B07FB01A68108700A75B9A /* AppDelegate.mm */ = {isa = PBXFileReference; fileEncoding = 4; lastKnownFileType = sourcecode.cpp.objcpp; name = AppDelegate.mm; path = FilmStreak/AppDelegate.mm; sourceTree = "<group>"; };
		13B07FB51A68108700A75B9A /* Images.xcassets */ = {isa = PBXFileReference; lastKnownFileType = folder.assetcatalog; name = Images.xcassets; path = FilmStreak/Images.xcassets; sourceTree = "<group>"; };
		13B07FB61A68108700A75B9A /* Info.plist */ = {isa = PBXFileReference; fileEncoding = 4; lastKnownFileType = text.plist.xml; name = Info.plist; path = FilmStreak/Info.plist; sourceTree = "<group>"; };
		13B07FB71A68108700A75B9A /* main.m */ = {isa = PBXFileReference; fileEncoding = 4; lastKnownFileType = sourcecode.c.objc; name = main.m; path = FilmStreak/main.m; sourceTree = "<group>"; };
		13C339903AE8465EACBD11CA /* CaveatBold.ttf */ = {isa = PBXFileReference; explicitFileType = undefined; fileEncoding = 9; includeInIndex = 0; lastKnownFileType = unknown; name = CaveatBold.ttf; path = ../src/assets/fonts/CaveatBold.ttf; sourceTree = "<group>"; };
		2148E39A152C9CDC2C3BD0A6 /* libPods-FilmStreak-FilmStreakTests.a */ = {isa = PBXFileReference; explicitFileType = archive.ar; includeInIndex = 0; path = "libPods-FilmStreak-FilmStreakTests.a"; sourceTree = BUILT_PRODUCTS_DIR; };
		2ABA370C0CC14E6E9277249A /* RalewaySemiBoldItalic.ttf */ = {isa = PBXFileReference; explicitFileType = undefined; fileEncoding = 9; includeInIndex = 0; lastKnownFileType = unknown; name = RalewaySemiBoldItalic.ttf; path = ../src/assets/fonts/RalewaySemiBoldItalic.ttf; sourceTree = "<group>"; };
		2C78D42F086149899EED1CF7 /* RalewayExtraLight.ttf */ = {isa = PBXFileReference; explicitFileType = undefined; fileEncoding = 9; includeInIndex = 0; lastKnownFileType = unknown; name = RalewayExtraLight.ttf; path = ../src/assets/fonts/RalewayExtraLight.ttf; sourceTree = "<group>"; };
		3CA6D331A95942C6B0EC969E /* RalewayRegular.ttf */ = {isa = PBXFileReference; explicitFileType = undefined; fileEncoding = 9; includeInIndex = 0; lastKnownFileType = unknown; name = RalewayRegular.ttf; path = ../src/assets/fonts/RalewayRegular.ttf; sourceTree = "<group>"; };
		493FE9DB758CC8B2EDAAD524 /* Pods-FilmStreak.debug.xcconfig */ = {isa = PBXFileReference; includeInIndex = 1; lastKnownFileType = text.xcconfig; name = "Pods-FilmStreak.debug.xcconfig"; path = "Target Support Files/Pods-FilmStreak/Pods-FilmStreak.debug.xcconfig"; sourceTree = "<group>"; };
		583FAEC90D024B389018057A /* CreepsterRegular.ttf */ = {isa = PBXFileReference; explicitFileType = undefined; fileEncoding = 9; includeInIndex = 0; lastKnownFileType = unknown; name = CreepsterRegular.ttf; path = ../src/assets/fonts/CreepsterRegular.ttf; sourceTree = "<group>"; };
		5B9484E43C2944CDBA8A8517 /* CaveatSemiBold.ttf */ = {isa = PBXFileReference; explicitFileType = undefined; fileEncoding = 9; includeInIndex = 0; lastKnownFileType = unknown; name = CaveatSemiBold.ttf; path = ../src/assets/fonts/CaveatSemiBold.ttf; sourceTree = "<group>"; };
		5C947B3491EA4D66838A8D55 /* RalewayLight.ttf */ = {isa = PBXFileReference; explicitFileType = undefined; fileEncoding = 9; includeInIndex = 0; lastKnownFileType = unknown; name = RalewayLight.ttf; path = ../src/assets/fonts/RalewayLight.ttf; sourceTree = "<group>"; };
		63770FA1455E4DFE85A4BE80 /* GupterMedium.ttf */ = {isa = PBXFileReference; explicitFileType = undefined; fileEncoding = 9; includeInIndex = 0; lastKnownFileType = unknown; name = GupterMedium.ttf; path = ../src/assets/fonts/GupterMedium.ttf; sourceTree = "<group>"; };
		6F313DA71B0F43B3834FB2CA /* RalewayLightItalic.ttf */ = {isa = PBXFileReference; explicitFileType = undefined; fileEncoding = 9; includeInIndex = 0; lastKnownFileType = unknown; name = RalewayLightItalic.ttf; path = ../src/assets/fonts/RalewayLightItalic.ttf; sourceTree = "<group>"; };
		78343D49EC394B62ACE19D08 /* GupterRegular.ttf */ = {isa = PBXFileReference; explicitFileType = undefined; fileEncoding = 9; includeInIndex = 0; lastKnownFileType = unknown; name = GupterRegular.ttf; path = ../src/assets/fonts/GupterRegular.ttf; sourceTree = "<group>"; };
		81AB9BB72411601600AC10FF /* LaunchScreen.storyboard */ = {isa = PBXFileReference; fileEncoding = 4; lastKnownFileType = file.storyboard; name = LaunchScreen.storyboard; path = FilmStreak/LaunchScreen.storyboard; sourceTree = "<group>"; };
		820687A120DE06FA31C0CCBE /* Pods-FilmStreak-FilmStreakTests.debug.xcconfig */ = {isa = PBXFileReference; includeInIndex = 1; lastKnownFileType = text.xcconfig; name = "Pods-FilmStreak-FilmStreakTests.debug.xcconfig"; path = "Target Support Files/Pods-FilmStreak-FilmStreakTests/Pods-FilmStreak-FilmStreakTests.debug.xcconfig"; sourceTree = "<group>"; };
		863547D683D54014985A259A /* RalewayMediumItalic.ttf */ = {isa = PBXFileReference; explicitFileType = undefined; fileEncoding = 9; includeInIndex = 0; lastKnownFileType = unknown; name = RalewayMediumItalic.ttf; path = ../src/assets/fonts/RalewayMediumItalic.ttf; sourceTree = "<group>"; };
		86BA846094114887A9D9C619 /* CaveatMedium.ttf */ = {isa = PBXFileReference; explicitFileType = undefined; fileEncoding = 9; includeInIndex = 0; lastKnownFileType = unknown; name = CaveatMedium.ttf; path = ../src/assets/fonts/CaveatMedium.ttf; sourceTree = "<group>"; };
		8D043E5CEFD348E2A871E539 /* RalewayExtraLightItalic.ttf */ = {isa = PBXFileReference; explicitFileType = undefined; fileEncoding = 9; includeInIndex = 0; lastKnownFileType = unknown; name = RalewayExtraLightItalic.ttf; path = ../src/assets/fonts/RalewayExtraLightItalic.ttf; sourceTree = "<group>"; };
		8F4ADFEC144D4E15BDC6FAEB /* RalewayBlack.ttf */ = {isa = PBXFileReference; explicitFileType = undefined; fileEncoding = 9; includeInIndex = 0; lastKnownFileType = unknown; name = RalewayBlack.ttf; path = ../src/assets/fonts/RalewayBlack.ttf; sourceTree = "<group>"; };
		93D755BBF6C34D60A3A33291 /* libPods-FilmStreak.a */ = {isa = PBXFileReference; explicitFileType = archive.ar; includeInIndex = 0; path = "libPods-FilmStreak.a"; sourceTree = BUILT_PRODUCTS_DIR; };
		A0D0325099EB442F9FA7CA9E /* CaveatRegular.ttf */ = {isa = PBXFileReference; explicitFileType = undefined; fileEncoding = 9; includeInIndex = 0; lastKnownFileType = unknown; name = CaveatRegular.ttf; path = ../src/assets/fonts/CaveatRegular.ttf; sourceTree = "<group>"; };
		B1ABC5A7E2A240D4A0FF4762 /* RalewaySemiBold.ttf */ = {isa = PBXFileReference; explicitFileType = undefined; fileEncoding = 9; includeInIndex = 0; lastKnownFileType = unknown; name = RalewaySemiBold.ttf; path = ../src/assets/fonts/RalewaySemiBold.ttf; sourceTree = "<group>"; };
		CB4B6D9AC21E4674B54225DE /* RalewayMedium.ttf */ = {isa = PBXFileReference; explicitFileType = undefined; fileEncoding = 9; includeInIndex = 0; lastKnownFileType = unknown; name = RalewayMedium.ttf; path = ../src/assets/fonts/RalewayMedium.ttf; sourceTree = "<group>"; };
		DA308B7CD53B4D1693165C2A /* GupterBold.ttf */ = {isa = PBXFileReference; explicitFileType = undefined; fileEncoding = 9; includeInIndex = 0; lastKnownFileType = unknown; name = GupterBold.ttf; path = ../src/assets/fonts/GupterBold.ttf; sourceTree = "<group>"; };
		DABECA4BEA884B2BAD5025A3 /* PermanentMarkerRegular.ttf */ = {isa = PBXFileReference; explicitFileType = undefined; fileEncoding = 9; includeInIndex = 0; lastKnownFileType = unknown; name = PermanentMarkerRegular.ttf; path = ../src/assets/fonts/PermanentMarkerRegular.ttf; sourceTree = "<group>"; };
		DBE920EA5A2346F28806E07A /* RalewayExtraBold.ttf */ = {isa = PBXFileReference; explicitFileType = undefined; fileEncoding = 9; includeInIndex = 0; lastKnownFileType = unknown; name = RalewayExtraBold.ttf; path = ../src/assets/fonts/RalewayExtraBold.ttf; sourceTree = "<group>"; };
		E4C1B3EAECA84BF98F9E3A56 /* RalewayItalic.ttf */ = {isa = PBXFileReference; explicitFileType = undefined; fileEncoding = 9; includeInIndex = 0; lastKnownFileType = unknown; name = RalewayItalic.ttf; path = ../src/assets/fonts/RalewayItalic.ttf; sourceTree = "<group>"; };
		ED297162215061F000B7C4FE /* JavaScriptCore.framework */ = {isa = PBXFileReference; lastKnownFileType = wrapper.framework; name = JavaScriptCore.framework; path = System/Library/Frameworks/JavaScriptCore.framework; sourceTree = SDKROOT; };
		EECFF83A38B245EF856A80AC /* RalewayBoldItalic.ttf */ = {isa = PBXFileReference; explicitFileType = undefined; fileEncoding = 9; includeInIndex = 0; lastKnownFileType = unknown; name = RalewayBoldItalic.ttf; path = ../src/assets/fonts/RalewayBoldItalic.ttf; sourceTree = "<group>"; };
		F54917612D23B9B700BAD97D /* main.jsbundle */ = {isa = PBXFileReference; fileEncoding = 4; lastKnownFileType = text; path = main.jsbundle; sourceTree = "<group>"; };
		F88B9A5CA0EBA2CE1336BA44 /* Pods-FilmStreak.release.xcconfig */ = {isa = PBXFileReference; includeInIndex = 1; lastKnownFileType = text.xcconfig; name = "Pods-FilmStreak.release.xcconfig"; path = "Target Support Files/Pods-FilmStreak/Pods-FilmStreak.release.xcconfig"; sourceTree = "<group>"; };
/* End PBXFileReference section */

/* Begin PBXFrameworksBuildPhase section */
		00E356EB1AD99517003FC87E /* Frameworks */ = {
			isa = PBXFrameworksBuildPhase;
			buildActionMask = 2147483647;
			files = (
				553FD892BD50C153CB81262A /* libPods-FilmStreak-FilmStreakTests.a in Frameworks */,
			);
			runOnlyForDeploymentPostprocessing = 0;
		};
		13B07F8C1A680F5B00A75B9A /* Frameworks */ = {
			isa = PBXFrameworksBuildPhase;
			buildActionMask = 2147483647;
			files = (
				D7898F4740549EE5E4828986 /* libPods-FilmStreak.a in Frameworks */,
			);
			runOnlyForDeploymentPostprocessing = 0;
		};
/* End PBXFrameworksBuildPhase section */

/* Begin PBXGroup section */
		00E356EF1AD99517003FC87E /* FilmStreakTests */ = {
			isa = PBXGroup;
			children = (
				00E356F21AD99517003FC87E /* FilmStreakTests.m */,
				00E356F01AD99517003FC87E /* Supporting Files */,
			);
			path = FilmStreakTests;
			sourceTree = "<group>";
		};
		00E356F01AD99517003FC87E /* Supporting Files */ = {
			isa = PBXGroup;
			children = (
				00E356F11AD99517003FC87E /* Info.plist */,
			);
			name = "Supporting Files";
			sourceTree = "<group>";
		};
		13B07FAE1A68108700A75B9A /* FilmStreak */ = {
			isa = PBXGroup;
			children = (
				F54917612D23B9B700BAD97D /* main.jsbundle */,
				13B07FAF1A68108700A75B9A /* AppDelegate.h */,
				13B07FB01A68108700A75B9A /* AppDelegate.mm */,
				13B07FB51A68108700A75B9A /* Images.xcassets */,
				13B07FB61A68108700A75B9A /* Info.plist */,
				81AB9BB72411601600AC10FF /* LaunchScreen.storyboard */,
				13B07FB71A68108700A75B9A /* main.m */,
			);
			name = FilmStreak;
			sourceTree = "<group>";
		};
		2D16E6871FA4F8E400B85C8A /* Frameworks */ = {
			isa = PBXGroup;
			children = (
				ED297162215061F000B7C4FE /* JavaScriptCore.framework */,
				93D755BBF6C34D60A3A33291 /* libPods-FilmStreak.a */,
				2148E39A152C9CDC2C3BD0A6 /* libPods-FilmStreak-FilmStreakTests.a */,
			);
			name = Frameworks;
			sourceTree = "<group>";
		};
		832341AE1AAA6A7D00B99B32 /* Libraries */ = {
			isa = PBXGroup;
			children = (
			);
			name = Libraries;
			sourceTree = "<group>";
		};
		83CBB9F61A601CBA00E9B192 = {
			isa = PBXGroup;
			children = (
				13B07FAE1A68108700A75B9A /* FilmStreak */,
				832341AE1AAA6A7D00B99B32 /* Libraries */,
				00E356EF1AD99517003FC87E /* FilmStreakTests */,
				83CBBA001A601CBA00E9B192 /* Products */,
				2D16E6871FA4F8E400B85C8A /* Frameworks */,
				BBD78D7AC51CEA395F1C20DB /* Pods */,
				B5696E369A184694BC1EAC62 /* Resources */,
			);
			indentWidth = 2;
			sourceTree = "<group>";
			tabWidth = 2;
			usesTabs = 0;
		};
		83CBBA001A601CBA00E9B192 /* Products */ = {
			isa = PBXGroup;
			children = (
				13B07F961A680F5B00A75B9A /* FilmStreak.app */,
				00E356EE1AD99517003FC87E /* FilmStreakTests.xctest */,
			);
			name = Products;
			sourceTree = "<group>";
		};
		B5696E369A184694BC1EAC62 /* Resources */ = {
			isa = PBXGroup;
			children = (
				13C339903AE8465EACBD11CA /* CaveatBold.ttf */,
				86BA846094114887A9D9C619 /* CaveatMedium.ttf */,
				A0D0325099EB442F9FA7CA9E /* CaveatRegular.ttf */,
				5B9484E43C2944CDBA8A8517 /* CaveatSemiBold.ttf */,
				583FAEC90D024B389018057A /* CreepsterRegular.ttf */,
				DA308B7CD53B4D1693165C2A /* GupterBold.ttf */,
				63770FA1455E4DFE85A4BE80 /* GupterMedium.ttf */,
				78343D49EC394B62ACE19D08 /* GupterRegular.ttf */,
				DABECA4BEA884B2BAD5025A3 /* PermanentMarkerRegular.ttf */,
				8F4ADFEC144D4E15BDC6FAEB /* RalewayBlack.ttf */,
				1131B591769844F2A563CEFB /* RalewayBold.ttf */,
				EECFF83A38B245EF856A80AC /* RalewayBoldItalic.ttf */,
				DBE920EA5A2346F28806E07A /* RalewayExtraBold.ttf */,
				2C78D42F086149899EED1CF7 /* RalewayExtraLight.ttf */,
				8D043E5CEFD348E2A871E539 /* RalewayExtraLightItalic.ttf */,
				E4C1B3EAECA84BF98F9E3A56 /* RalewayItalic.ttf */,
				5C947B3491EA4D66838A8D55 /* RalewayLight.ttf */,
				6F313DA71B0F43B3834FB2CA /* RalewayLightItalic.ttf */,
				CB4B6D9AC21E4674B54225DE /* RalewayMedium.ttf */,
				863547D683D54014985A259A /* RalewayMediumItalic.ttf */,
				3CA6D331A95942C6B0EC969E /* RalewayRegular.ttf */,
				B1ABC5A7E2A240D4A0FF4762 /* RalewaySemiBold.ttf */,
				2ABA370C0CC14E6E9277249A /* RalewaySemiBoldItalic.ttf */,
			);
			name = Resources;
			sourceTree = "<group>";
		};
		BBD78D7AC51CEA395F1C20DB /* Pods */ = {
			isa = PBXGroup;
			children = (
				493FE9DB758CC8B2EDAAD524 /* Pods-FilmStreak.debug.xcconfig */,
				F88B9A5CA0EBA2CE1336BA44 /* Pods-FilmStreak.release.xcconfig */,
				820687A120DE06FA31C0CCBE /* Pods-FilmStreak-FilmStreakTests.debug.xcconfig */,
				045152AD209FC589AC09CFA3 /* Pods-FilmStreak-FilmStreakTests.release.xcconfig */,
			);
			path = Pods;
			sourceTree = "<group>";
		};
/* End PBXGroup section */

/* Begin PBXNativeTarget section */
		00E356ED1AD99517003FC87E /* FilmStreakTests */ = {
			isa = PBXNativeTarget;
			buildConfigurationList = 00E357021AD99517003FC87E /* Build configuration list for PBXNativeTarget "FilmStreakTests" */;
			buildPhases = (
				53FB537F6A25C3D07216D8CF /* [CP] Check Pods Manifest.lock */,
				00E356EA1AD99517003FC87E /* Sources */,
				00E356EB1AD99517003FC87E /* Frameworks */,
				00E356EC1AD99517003FC87E /* Resources */,
				D8E4D2799C139CE1D4E22361 /* [CP] Embed Pods Frameworks */,
				4FDCA0E4D498634893256C24 /* [CP] Copy Pods Resources */,
			);
			buildRules = (
			);
			dependencies = (
				00E356F51AD99517003FC87E /* PBXTargetDependency */,
			);
			name = FilmStreakTests;
			productName = FilmStreakTests;
			productReference = 00E356EE1AD99517003FC87E /* FilmStreakTests.xctest */;
			productType = "com.apple.product-type.bundle.unit-test";
		};
		13B07F861A680F5B00A75B9A /* FilmStreak */ = {
			isa = PBXNativeTarget;
			buildConfigurationList = 13B07F931A680F5B00A75B9A /* Build configuration list for PBXNativeTarget "FilmStreak" */;
			buildPhases = (
				178AFA080C07ADEA2BC6191D /* [CP] Check Pods Manifest.lock */,
				13B07F871A680F5B00A75B9A /* Sources */,
				13B07F8C1A680F5B00A75B9A /* Frameworks */,
				13B07F8E1A680F5B00A75B9A /* Resources */,
				00DD1BFF1BD5951E006B06BC /* Bundle React Native code and images */,
				ED5950B0AF182F02D0CBB22E /* [CP] Embed Pods Frameworks */,
				102F66F37D6E835B8DF93DF5 /* [CP] Copy Pods Resources */,
			);
			buildRules = (
			);
			dependencies = (
			);
			name = FilmStreak;
			productName = FilmStreak;
			productReference = 13B07F961A680F5B00A75B9A /* FilmStreak.app */;
			productType = "com.apple.product-type.application";
		};
/* End PBXNativeTarget section */

/* Begin PBXProject section */
		83CBB9F71A601CBA00E9B192 /* Project object */ = {
			isa = PBXProject;
			attributes = {
				LastUpgradeCheck = 1210;
				TargetAttributes = {
					00E356ED1AD99517003FC87E = {
						CreatedOnToolsVersion = 6.2;
						TestTargetID = 13B07F861A680F5B00A75B9A;
					};
					13B07F861A680F5B00A75B9A = {
						LastSwiftMigration = 1120;
					};
				};
			};
			buildConfigurationList = 83CBB9FA1A601CBA00E9B192 /* Build configuration list for PBXProject "FilmStreak" */;
			compatibilityVersion = "Xcode 12.0";
			developmentRegion = en;
			hasScannedForEncodings = 0;
			knownRegions = (
				en,
				Base,
			);
			mainGroup = 83CBB9F61A601CBA00E9B192;
			productRefGroup = 83CBBA001A601CBA00E9B192 /* Products */;
			projectDirPath = "";
			projectRoot = "";
			targets = (
				13B07F861A680F5B00A75B9A /* FilmStreak */,
				00E356ED1AD99517003FC87E /* FilmStreakTests */,
			);
		};
/* End PBXProject section */

/* Begin PBXResourcesBuildPhase section */
		00E356EC1AD99517003FC87E /* Resources */ = {
			isa = PBXResourcesBuildPhase;
			buildActionMask = 2147483647;
			files = (
			);
			runOnlyForDeploymentPostprocessing = 0;
		};
		13B07F8E1A680F5B00A75B9A /* Resources */ = {
			isa = PBXResourcesBuildPhase;
			buildActionMask = 2147483647;
			files = (
				81AB9BB82411601600AC10FF /* LaunchScreen.storyboard in Resources */,
				13B07FBF1A68108700A75B9A /* Images.xcassets in Resources */,
				2BD8EE78899C47CDA15AEDCB /* CaveatBold.ttf in Resources */,
				A34CCC9949F64D46A300ACB4 /* CaveatMedium.ttf in Resources */,
				EE4E303F82E64210A057577B /* CaveatRegular.ttf in Resources */,
				34D899A4DC7F4CF7A5F50E2F /* CaveatSemiBold.ttf in Resources */,
				C8DF6BD3C345432281E1C6FA /* CreepsterRegular.ttf in Resources */,
				9E009E95E925443EB9C073D2 /* GupterBold.ttf in Resources */,
				CC4276EE03A6477C9EF62B8D /* GupterMedium.ttf in Resources */,
				127166D71E4C4B5BAC4DF3CA /* GupterRegular.ttf in Resources */,
				5D64BB30A9214461B59FB0A6 /* PermanentMarkerRegular.ttf in Resources */,
				F54917622D23B9B800BAD97D /* main.jsbundle in Resources */,
				4A4A559DC515441D9055B6BB /* RalewayBlack.ttf in Resources */,
				518AC732C1AB4045B8C89F63 /* RalewayBold.ttf in Resources */,
				4B9930DE7DD045D19E4B4C95 /* RalewayBoldItalic.ttf in Resources */,
				84CD76A8813C4C489AD0C8E3 /* RalewayExtraBold.ttf in Resources */,
				69617FEA57CA4CE2BF8D54E5 /* RalewayExtraLight.ttf in Resources */,
				EE99C408005F4261B41957E3 /* RalewayExtraLightItalic.ttf in Resources */,
				A64B26B5953845798F949529 /* RalewayItalic.ttf in Resources */,
				541506D649A249CCAA739170 /* RalewayLight.ttf in Resources */,
				E93461DB91AE4F9B805DE72D /* RalewayLightItalic.ttf in Resources */,
				05B3B4FFD5C6427DABD0499E /* RalewayMedium.ttf in Resources */,
				98C7E5C17D2949DAB7EE35E3 /* RalewayMediumItalic.ttf in Resources */,
				BFE1E08BF6B44DF5AA32ACA4 /* RalewayRegular.ttf in Resources */,
				90F43DFF1C95497D8D035A2B /* RalewaySemiBold.ttf in Resources */,
				1508CDCC68D741EAA56D7470 /* RalewaySemiBoldItalic.ttf in Resources */,
			);
			runOnlyForDeploymentPostprocessing = 0;
		};
/* End PBXResourcesBuildPhase section */

/* Begin PBXShellScriptBuildPhase section */
		00DD1BFF1BD5951E006B06BC /* Bundle React Native code and images */ = {
			isa = PBXShellScriptBuildPhase;
			buildActionMask = 2147483647;
			files = (
			);
			inputPaths = (
				"$(SRCROOT)/.xcode.env.local",
				"$(SRCROOT)/.xcode.env",
			);
			name = "Bundle React Native code and images";
			outputPaths = (
			);
			runOnlyForDeploymentPostprocessing = 0;
			shellPath = /bin/sh;
			shellScript = "set -e\n\nWITH_ENVIRONMENT=\"../node_modules/react-native/scripts/xcode/with-environment.sh\"\nREACT_NATIVE_XCODE=\"../node_modules/react-native/scripts/react-native-xcode.sh\"\n\n/bin/sh -c \"$WITH_ENVIRONMENT $REACT_NATIVE_XCODE\"\n";
		};
		102F66F37D6E835B8DF93DF5 /* [CP] Copy Pods Resources */ = {
			isa = PBXShellScriptBuildPhase;
			buildActionMask = 2147483647;
			files = (
			);
			inputFileListPaths = (
				"${PODS_ROOT}/Target Support Files/Pods-FilmStreak/Pods-FilmStreak-resources-${CONFIGURATION}-input-files.xcfilelist",
			);
			name = "[CP] Copy Pods Resources";
			outputFileListPaths = (
				"${PODS_ROOT}/Target Support Files/Pods-FilmStreak/Pods-FilmStreak-resources-${CONFIGURATION}-output-files.xcfilelist",
			);
			runOnlyForDeploymentPostprocessing = 0;
			shellPath = /bin/sh;
			shellScript = "\"${PODS_ROOT}/Target Support Files/Pods-FilmStreak/Pods-FilmStreak-resources.sh\"\n";
			showEnvVarsInLog = 0;
		};
		178AFA080C07ADEA2BC6191D /* [CP] Check Pods Manifest.lock */ = {
			isa = PBXShellScriptBuildPhase;
			buildActionMask = 2147483647;
			files = (
			);
			inputFileListPaths = (
			);
			inputPaths = (
				"${PODS_PODFILE_DIR_PATH}/Podfile.lock",
				"${PODS_ROOT}/Manifest.lock",
			);
			name = "[CP] Check Pods Manifest.lock";
			outputFileListPaths = (
			);
			outputPaths = (
				"$(DERIVED_FILE_DIR)/Pods-FilmStreak-checkManifestLockResult.txt",
			);
			runOnlyForDeploymentPostprocessing = 0;
			shellPath = /bin/sh;
			shellScript = "diff \"${PODS_PODFILE_DIR_PATH}/Podfile.lock\" \"${PODS_ROOT}/Manifest.lock\" > /dev/null\nif [ $? != 0 ] ; then\n    # print error to STDERR\n    echo \"error: The sandbox is not in sync with the Podfile.lock. Run 'pod install' or update your CocoaPods installation.\" >&2\n    exit 1\nfi\n# This output is used by Xcode 'outputs' to avoid re-running this script phase.\necho \"SUCCESS\" > \"${SCRIPT_OUTPUT_FILE_0}\"\n";
			showEnvVarsInLog = 0;
		};
		4FDCA0E4D498634893256C24 /* [CP] Copy Pods Resources */ = {
			isa = PBXShellScriptBuildPhase;
			buildActionMask = 2147483647;
			files = (
			);
			inputFileListPaths = (
				"${PODS_ROOT}/Target Support Files/Pods-FilmStreak-FilmStreakTests/Pods-FilmStreak-FilmStreakTests-resources-${CONFIGURATION}-input-files.xcfilelist",
			);
			name = "[CP] Copy Pods Resources";
			outputFileListPaths = (
				"${PODS_ROOT}/Target Support Files/Pods-FilmStreak-FilmStreakTests/Pods-FilmStreak-FilmStreakTests-resources-${CONFIGURATION}-output-files.xcfilelist",
			);
			runOnlyForDeploymentPostprocessing = 0;
			shellPath = /bin/sh;
			shellScript = "\"${PODS_ROOT}/Target Support Files/Pods-FilmStreak-FilmStreakTests/Pods-FilmStreak-FilmStreakTests-resources.sh\"\n";
			showEnvVarsInLog = 0;
		};
		53FB537F6A25C3D07216D8CF /* [CP] Check Pods Manifest.lock */ = {
			isa = PBXShellScriptBuildPhase;
			buildActionMask = 2147483647;
			files = (
			);
			inputFileListPaths = (
			);
			inputPaths = (
				"${PODS_PODFILE_DIR_PATH}/Podfile.lock",
				"${PODS_ROOT}/Manifest.lock",
			);
			name = "[CP] Check Pods Manifest.lock";
			outputFileListPaths = (
			);
			outputPaths = (
				"$(DERIVED_FILE_DIR)/Pods-FilmStreak-FilmStreakTests-checkManifestLockResult.txt",
			);
			runOnlyForDeploymentPostprocessing = 0;
			shellPath = /bin/sh;
			shellScript = "diff \"${PODS_PODFILE_DIR_PATH}/Podfile.lock\" \"${PODS_ROOT}/Manifest.lock\" > /dev/null\nif [ $? != 0 ] ; then\n    # print error to STDERR\n    echo \"error: The sandbox is not in sync with the Podfile.lock. Run 'pod install' or update your CocoaPods installation.\" >&2\n    exit 1\nfi\n# This output is used by Xcode 'outputs' to avoid re-running this script phase.\necho \"SUCCESS\" > \"${SCRIPT_OUTPUT_FILE_0}\"\n";
			showEnvVarsInLog = 0;
		};
		D8E4D2799C139CE1D4E22361 /* [CP] Embed Pods Frameworks */ = {
			isa = PBXShellScriptBuildPhase;
			buildActionMask = 2147483647;
			files = (
			);
			inputFileListPaths = (
				"${PODS_ROOT}/Target Support Files/Pods-FilmStreak-FilmStreakTests/Pods-FilmStreak-FilmStreakTests-frameworks-${CONFIGURATION}-input-files.xcfilelist",
			);
			name = "[CP] Embed Pods Frameworks";
			outputFileListPaths = (
				"${PODS_ROOT}/Target Support Files/Pods-FilmStreak-FilmStreakTests/Pods-FilmStreak-FilmStreakTests-frameworks-${CONFIGURATION}-output-files.xcfilelist",
			);
			runOnlyForDeploymentPostprocessing = 0;
			shellPath = /bin/sh;
			shellScript = "\"${PODS_ROOT}/Target Support Files/Pods-FilmStreak-FilmStreakTests/Pods-FilmStreak-FilmStreakTests-frameworks.sh\"\n";
			showEnvVarsInLog = 0;
		};
		ED5950B0AF182F02D0CBB22E /* [CP] Embed Pods Frameworks */ = {
			isa = PBXShellScriptBuildPhase;
			buildActionMask = 2147483647;
			files = (
			);
			inputFileListPaths = (
				"${PODS_ROOT}/Target Support Files/Pods-FilmStreak/Pods-FilmStreak-frameworks-${CONFIGURATION}-input-files.xcfilelist",
			);
			name = "[CP] Embed Pods Frameworks";
			outputFileListPaths = (
				"${PODS_ROOT}/Target Support Files/Pods-FilmStreak/Pods-FilmStreak-frameworks-${CONFIGURATION}-output-files.xcfilelist",
			);
			runOnlyForDeploymentPostprocessing = 0;
			shellPath = /bin/sh;
			shellScript = "\"${PODS_ROOT}/Target Support Files/Pods-FilmStreak/Pods-FilmStreak-frameworks.sh\"\n";
			showEnvVarsInLog = 0;
		};
/* End PBXShellScriptBuildPhase section */

/* Begin PBXSourcesBuildPhase section */
		00E356EA1AD99517003FC87E /* Sources */ = {
			isa = PBXSourcesBuildPhase;
			buildActionMask = 2147483647;
			files = (
				00E356F31AD99517003FC87E /* FilmStreakTests.m in Sources */,
			);
			runOnlyForDeploymentPostprocessing = 0;
		};
		13B07F871A680F5B00A75B9A /* Sources */ = {
			isa = PBXSourcesBuildPhase;
			buildActionMask = 2147483647;
			files = (
				13B07FBC1A68108700A75B9A /* AppDelegate.mm in Sources */,
				13B07FC11A68108700A75B9A /* main.m in Sources */,
			);
			runOnlyForDeploymentPostprocessing = 0;
		};
/* End PBXSourcesBuildPhase section */

/* Begin PBXTargetDependency section */
		00E356F51AD99517003FC87E /* PBXTargetDependency */ = {
			isa = PBXTargetDependency;
			target = 13B07F861A680F5B00A75B9A /* FilmStreak */;
			targetProxy = 00E356F41AD99517003FC87E /* PBXContainerItemProxy */;
		};
/* End PBXTargetDependency section */

/* Begin XCBuildConfiguration section */
		00E356F61AD99517003FC87E /* Debug */ = {
			isa = XCBuildConfiguration;
			baseConfigurationReference = 820687A120DE06FA31C0CCBE /* Pods-FilmStreak-FilmStreakTests.debug.xcconfig */;
			buildSettings = {
				BUNDLE_LOADER = "$(TEST_HOST)";
				GCC_PREPROCESSOR_DEFINITIONS = (
					"DEBUG=1",
					"$(inherited)",
				);
				INFOPLIST_FILE = FilmStreakTests/Info.plist;
				IPHONEOS_DEPLOYMENT_TARGET = 13.4;
				LD_RUNPATH_SEARCH_PATHS = (
					"$(inherited)",
					"@executable_path/Frameworks",
					"@loader_path/Frameworks",
				);
				OTHER_LDFLAGS = (
					"-ObjC",
					"-lc++",
					"$(inherited)",
				);
				PRODUCT_BUNDLE_IDENTIFIER = "org.reactjs.native.example.$(PRODUCT_NAME:rfc1034identifier)";
				PRODUCT_NAME = "$(TARGET_NAME)";
				TEST_HOST = "$(BUILT_PRODUCTS_DIR)/FilmStreak.app/FilmStreak";
			};
			name = Debug;
		};
		00E356F71AD99517003FC87E /* Release */ = {
			isa = XCBuildConfiguration;
			baseConfigurationReference = 045152AD209FC589AC09CFA3 /* Pods-FilmStreak-FilmStreakTests.release.xcconfig */;
			buildSettings = {
				BUNDLE_LOADER = "$(TEST_HOST)";
				COPY_PHASE_STRIP = NO;
				INFOPLIST_FILE = FilmStreakTests/Info.plist;
				IPHONEOS_DEPLOYMENT_TARGET = 13.4;
				LD_RUNPATH_SEARCH_PATHS = (
					"$(inherited)",
					"@executable_path/Frameworks",
					"@loader_path/Frameworks",
				);
				OTHER_LDFLAGS = (
					"-ObjC",
					"-lc++",
					"$(inherited)",
				);
				PRODUCT_BUNDLE_IDENTIFIER = "org.reactjs.native.example.$(PRODUCT_NAME:rfc1034identifier)";
				PRODUCT_NAME = "$(TARGET_NAME)";
				TEST_HOST = "$(BUILT_PRODUCTS_DIR)/FilmStreak.app/FilmStreak";
			};
			name = Release;
		};
		13B07F941A680F5B00A75B9A /* Debug */ = {
			isa = XCBuildConfiguration;
			baseConfigurationReference = 493FE9DB758CC8B2EDAAD524 /* Pods-FilmStreak.debug.xcconfig */;
			buildSettings = {
				ASSETCATALOG_COMPILER_APPICON_NAME = AppIcon;
				CLANG_ENABLE_MODULES = YES;
				CURRENT_PROJECT_VERSION = 1;
				ENABLE_BITCODE = NO;
				INFOPLIST_FILE = FilmStreak/Info.plist;
				LD_RUNPATH_SEARCH_PATHS = (
					"$(inherited)",
					"@executable_path/Frameworks",
				);
				MARKETING_VERSION = 1.0;
				OTHER_LDFLAGS = (
					"$(inherited)",
					"-ObjC",
					"-lc++",
				);
				PRODUCT_BUNDLE_IDENTIFIER = "org.reactjs.native.example.$(PRODUCT_NAME:rfc1034identifier)";
				PRODUCT_NAME = FilmStreak;
				SWIFT_OPTIMIZATION_LEVEL = "-Onone";
				SWIFT_VERSION = 5.0;
				VERSIONING_SYSTEM = "apple-generic";
			};
			name = Debug;
		};
		13B07F951A680F5B00A75B9A /* Release */ = {
			isa = XCBuildConfiguration;
			baseConfigurationReference = F88B9A5CA0EBA2CE1336BA44 /* Pods-FilmStreak.release.xcconfig */;
			buildSettings = {
				ASSETCATALOG_COMPILER_APPICON_NAME = AppIcon;
				CLANG_ENABLE_MODULES = YES;
				CURRENT_PROJECT_VERSION = 1;
				INFOPLIST_FILE = FilmStreak/Info.plist;
				LD_RUNPATH_SEARCH_PATHS = (
					"$(inherited)",
					"@executable_path/Frameworks",
				);
				MARKETING_VERSION = 1.0;
				OTHER_LDFLAGS = (
					"$(inherited)",
					"-ObjC",
					"-lc++",
				);
				PRODUCT_BUNDLE_IDENTIFIER = "org.reactjs.native.example.$(PRODUCT_NAME:rfc1034identifier)";
				PRODUCT_NAME = FilmStreak;
				SWIFT_VERSION = 5.0;
				VERSIONING_SYSTEM = "apple-generic";
			};
			name = Release;
		};
		83CBBA201A601CBA00E9B192 /* Debug */ = {
			isa = XCBuildConfiguration;
			buildSettings = {
				ALWAYS_SEARCH_USER_PATHS = NO;
				CLANG_ANALYZER_LOCALIZABILITY_NONLOCALIZED = YES;
				CLANG_CXX_LANGUAGE_STANDARD = "c++20";
				CLANG_CXX_LIBRARY = "libc++";
				CLANG_ENABLE_MODULES = YES;
				CLANG_ENABLE_OBJC_ARC = YES;
				CLANG_WARN_BLOCK_CAPTURE_AUTORELEASING = YES;
				CLANG_WARN_BOOL_CONVERSION = YES;
				CLANG_WARN_COMMA = YES;
				CLANG_WARN_CONSTANT_CONVERSION = YES;
				CLANG_WARN_DEPRECATED_OBJC_IMPLEMENTATIONS = YES;
				CLANG_WARN_DIRECT_OBJC_ISA_USAGE = YES_ERROR;
				CLANG_WARN_EMPTY_BODY = YES;
				CLANG_WARN_ENUM_CONVERSION = YES;
				CLANG_WARN_INFINITE_RECURSION = YES;
				CLANG_WARN_INT_CONVERSION = YES;
				CLANG_WARN_NON_LITERAL_NULL_CONVERSION = YES;
				CLANG_WARN_OBJC_IMPLICIT_RETAIN_SELF = YES;
				CLANG_WARN_OBJC_LITERAL_CONVERSION = YES;
				CLANG_WARN_OBJC_ROOT_CLASS = YES_ERROR;
				CLANG_WARN_QUOTED_INCLUDE_IN_FRAMEWORK_HEADER = YES;
				CLANG_WARN_RANGE_LOOP_ANALYSIS = YES;
				CLANG_WARN_STRICT_PROTOTYPES = YES;
				CLANG_WARN_SUSPICIOUS_MOVE = YES;
				CLANG_WARN_UNREACHABLE_CODE = YES;
				CLANG_WARN__DUPLICATE_METHOD_MATCH = YES;
				"CODE_SIGN_IDENTITY[sdk=iphoneos*]" = "iPhone Developer";
				COPY_PHASE_STRIP = NO;
				ENABLE_STRICT_OBJC_MSGSEND = YES;
				ENABLE_TESTABILITY = YES;
				"EXCLUDED_ARCHS[sdk=iphonesimulator*]" = i386;
				GCC_C_LANGUAGE_STANDARD = gnu99;
				GCC_DYNAMIC_NO_PIC = NO;
				GCC_NO_COMMON_BLOCKS = YES;
				GCC_OPTIMIZATION_LEVEL = 0;
				GCC_PREPROCESSOR_DEFINITIONS = (
					"DEBUG=1",
					"$(inherited)",
				);
				GCC_SYMBOLS_PRIVATE_EXTERN = NO;
				GCC_WARN_64_TO_32_BIT_CONVERSION = YES;
				GCC_WARN_ABOUT_RETURN_TYPE = YES_ERROR;
				GCC_WARN_UNDECLARED_SELECTOR = YES;
				GCC_WARN_UNINITIALIZED_AUTOS = YES_AGGRESSIVE;
				GCC_WARN_UNUSED_FUNCTION = YES;
				GCC_WARN_UNUSED_VARIABLE = YES;
				IPHONEOS_DEPLOYMENT_TARGET = 13.4;
				LD_RUNPATH_SEARCH_PATHS = (
					/usr/lib/swift,
					"$(inherited)",
				);
				LIBRARY_SEARCH_PATHS = (
					"\"$(SDKROOT)/usr/lib/swift\"",
					"\"$(TOOLCHAIN_DIR)/usr/lib/swift/$(PLATFORM_NAME)\"",
					"\"$(inherited)\"",
				);
				MTL_ENABLE_DEBUG_INFO = YES;
				ONLY_ACTIVE_ARCH = YES;
				OTHER_CFLAGS = "$(inherited)  ";
				OTHER_CPLUSPLUSFLAGS = (
					"$(OTHER_CFLAGS)",
					"-DFOLLY_NO_CONFIG",
					"-DFOLLY_MOBILE=1",
					"-DFOLLY_USE_LIBCPP=1",
					"-DFOLLY_CFG_NO_COROUTINES=1",
				);
				OTHER_LDFLAGS = "$(inherited)  ";
				REACT_NATIVE_PATH = "${PODS_ROOT}/../../node_modules/react-native";
				SDKROOT = iphoneos;
				USE_HERMES = true;
			};
			name = Debug;
		};
		83CBBA211A601CBA00E9B192 /* Release */ = {
			isa = XCBuildConfiguration;
			buildSettings = {
				ALWAYS_SEARCH_USER_PATHS = NO;
				CLANG_ANALYZER_LOCALIZABILITY_NONLOCALIZED = YES;
				CLANG_CXX_LANGUAGE_STANDARD = "c++20";
				CLANG_CXX_LIBRARY = "libc++";
				CLANG_ENABLE_MODULES = YES;
				CLANG_ENABLE_OBJC_ARC = YES;
				CLANG_WARN_BLOCK_CAPTURE_AUTORELEASING = YES;
				CLANG_WARN_BOOL_CONVERSION = YES;
				CLANG_WARN_COMMA = YES;
				CLANG_WARN_CONSTANT_CONVERSION = YES;
				CLANG_WARN_DEPRECATED_OBJC_IMPLEMENTATIONS = YES;
				CLANG_WARN_DIRECT_OBJC_ISA_USAGE = YES_ERROR;
				CLANG_WARN_EMPTY_BODY = YES;
				CLANG_WARN_ENUM_CONVERSION = YES;
				CLANG_WARN_INFINITE_RECURSION = YES;
				CLANG_WARN_INT_CONVERSION = YES;
				CLANG_WARN_NON_LITERAL_NULL_CONVERSION = YES;
				CLANG_WARN_OBJC_IMPLICIT_RETAIN_SELF = YES;
				CLANG_WARN_OBJC_LITERAL_CONVERSION = YES;
				CLANG_WARN_OBJC_ROOT_CLASS = YES_ERROR;
				CLANG_WARN_QUOTED_INCLUDE_IN_FRAMEWORK_HEADER = YES;
				CLANG_WARN_RANGE_LOOP_ANALYSIS = YES;
				CLANG_WARN_STRICT_PROTOTYPES = YES;
				CLANG_WARN_SUSPICIOUS_MOVE = YES;
				CLANG_WARN_UNREACHABLE_CODE = YES;
				CLANG_WARN__DUPLICATE_METHOD_MATCH = YES;
				"CODE_SIGN_IDENTITY[sdk=iphoneos*]" = "iPhone Developer";
				COPY_PHASE_STRIP = YES;
				ENABLE_NS_ASSERTIONS = NO;
				ENABLE_STRICT_OBJC_MSGSEND = YES;
				"EXCLUDED_ARCHS[sdk=iphonesimulator*]" = i386;
				GCC_C_LANGUAGE_STANDARD = gnu99;
				GCC_NO_COMMON_BLOCKS = YES;
				GCC_WARN_64_TO_32_BIT_CONVERSION = YES;
				GCC_WARN_ABOUT_RETURN_TYPE = YES_ERROR;
				GCC_WARN_UNDECLARED_SELECTOR = YES;
				GCC_WARN_UNINITIALIZED_AUTOS = YES_AGGRESSIVE;
				GCC_WARN_UNUSED_FUNCTION = YES;
				GCC_WARN_UNUSED_VARIABLE = YES;
				IPHONEOS_DEPLOYMENT_TARGET = 13.4;
				LD_RUNPATH_SEARCH_PATHS = (
					/usr/lib/swift,
					"$(inherited)",
				);
				LIBRARY_SEARCH_PATHS = (
					"\"$(SDKROOT)/usr/lib/swift\"",
					"\"$(TOOLCHAIN_DIR)/usr/lib/swift/$(PLATFORM_NAME)\"",
					"\"$(inherited)\"",
				);
				MTL_ENABLE_DEBUG_INFO = NO;
				OTHER_CFLAGS = "$(inherited)  ";
				OTHER_CPLUSPLUSFLAGS = (
					"$(OTHER_CFLAGS)",
					"-DFOLLY_NO_CONFIG",
					"-DFOLLY_MOBILE=1",
					"-DFOLLY_USE_LIBCPP=1",
					"-DFOLLY_CFG_NO_COROUTINES=1",
				);
				OTHER_LDFLAGS = "$(inherited)  ";
				REACT_NATIVE_PATH = "${PODS_ROOT}/../../node_modules/react-native";
				SDKROOT = iphoneos;
				USE_HERMES = true;
				VALIDATE_PRODUCT = YES;
			};
			name = Release;
		};
/* End XCBuildConfiguration section */

/* Begin XCConfigurationList section */
		00E357021AD99517003FC87E /* Build configuration list for PBXNativeTarget "FilmStreakTests" */ = {
			isa = XCConfigurationList;
			buildConfigurations = (
				00E356F61AD99517003FC87E /* Debug */,
				00E356F71AD99517003FC87E /* Release */,
			);
			defaultConfigurationIsVisible = 0;
			defaultConfigurationName = Release;
		};
		13B07F931A680F5B00A75B9A /* Build configuration list for PBXNativeTarget "FilmStreak" */ = {
			isa = XCConfigurationList;
			buildConfigurations = (
				13B07F941A680F5B00A75B9A /* Debug */,
				13B07F951A680F5B00A75B9A /* Release */,
			);
			defaultConfigurationIsVisible = 0;
			defaultConfigurationName = Release;
		};
		83CBB9FA1A601CBA00E9B192 /* Build configuration list for PBXProject "FilmStreak" */ = {
			isa = XCConfigurationList;
			buildConfigurations = (
				83CBBA201A601CBA00E9B192 /* Debug */,
				83CBBA211A601CBA00E9B192 /* Release */,
			);
			defaultConfigurationIsVisible = 0;
			defaultConfigurationName = Release;
		};
/* End XCConfigurationList section */
	};
	rootObject = 83CBB9F71A601CBA00E9B192 /* Project object */;
}
